# This file is autogenerated, do not edit; changes may be undone by the next 'dep ensure'.


[[projects]]
  digest = "1:fbab76ba211c99fcd45a481a32530efc229f3510fd94889f361dcaf13ff05fe0"
  name = "github.com/gorilla/mux"
  packages = ["."]
  pruneopts = ""
  revision = "75dcda0896e109a2a22c9315bca3bb21b87b2ba5"
  version = "v1.7.4"

[[projects]]
  branch = "master"
  digest = "1:a6dc529e700edeb9f09c1e9cd78c51032f62d0634ec7a2017725e815f37c0e71"
  name = "github.com/tidwall/btree"
  packages = ["."]
  pruneopts = ""
  revision = "400434d76274d2bd5d2d8297d7d67f35a54fd5a0"

[[projects]]
  digest = "1:948fac9ddaad51cc0beed9d634d98a8670a1b8325afaada653fbaee9cc6f1a2d"
  name = "github.com/tidwall/buntdb"
  packages = ["."]
  pruneopts = ""
  revision = "eeb4b0a11d5828f744ffa39c652a5a24864be4b0"
  version = "v1.1.2"

[[projects]]
  digest = "1:029181b60f6ea672544d102f81d7d9508a45a70e17ce8a649535959e0249d56b"
  name = "github.com/tidwall/gjson"
  packages = ["."]
  pruneopts = ""
  revision = "f042915ca17de35980544c91ab2c8ceb73b682f2"
  version = "v1.6.0"

[[projects]]
  branch = "master"
  digest = "1:bf59f997bab72b8ecd044aed35d706edb6abd6128afe0502c94398b2374f1f3f"
  name = "github.com/tidwall/grect"
  packages = ["."]
  pruneopts = ""
  revision = "ba9a043346eba55344e40d66a5e74cfda3a9d293"

[[projects]]
  digest = "1:72511ec1089fee111c995492d1d390a38ac7ab888aabdb1188985f2a1719c599"
  name = "github.com/tidwall/match"
  packages = ["."]
  pruneopts = ""
  revision = "33827db735fff6510490d69a8622612558a557ed"
  version = "v1.0.1"

[[projects]]
  digest = "1:3d4deb9e8160077721a79fc1b5a6ce27016c98f9f8e631090d5af8f50120ddf0"
  name = "github.com/tidwall/pretty"
  packages = ["."]
  pruneopts = ""
  revision = "b2475501f89994f7ea30b3c94ba86b49079961fe"
  version = "v1.0.1"

[[projects]]
  branch = "master"
  digest = "1:5d9d865e55b95f001e52a7f5d1f812e8a80f0f05d5b04ede006f24206ebba33c"
  name = "github.com/tidwall/rtree"
  packages = [
    ".",
    "base",
  ]
  pruneopts = ""
  revision = "6cd427091e0e662cb4f8e2c9eb1a41e1c46ff0d3"

[[projects]]
  branch = "master"
  digest = "1:9d6562efe571b54b2ec08ed598e4ba08d77b966dc2103a4300ae0cd0286dd6c3"
  name = "github.com/tidwall/tinyqueue"
  packages = ["."]
  pruneopts = ""
  revision = "1e39f55115634cad2c504631c8bfcc292f2c9c55"

[solve-meta]
  analyzer-name = "dep"
  analyzer-version = 1
  input-imports = [
    "github.com/gorilla/mux",
    "github.com/tidwall/buntdb",
  ]
  solver-name = "gps-cdcl"
  solver-version = 1
